
Microsoft Visual Studio Solution File, Format Version 12.00
# Visual Studio 15
VisualStudioVersion = 15.0.28307.572
MinimumVisualStudioVersion = 10.0.40219.1
Project("{FAE04EC0-301F-11D3-BF4B-00C04F79EFBC}") = "MaterializedView", "MaterializedView\MaterializedView.csproj", "{B410B8F8-C518-42AF-BA5F-CE603FE685AD}"
EndProject
Global
	GlobalSection(SolutionConfigurationPlatforms) = preSolution
		Debug|Any CPU = Debug|Any CPU
		Release|Any CPU = Release|Any CPU
	EndGlobalSection
	GlobalSection(ProjectConfigurationPlatforms) = postSolution
		{B410B8F8-C518-42AF-BA5F-CE603FE685AD}.Debug|Any CPU.ActiveCfg = Debug|Any CPU
		{B410B8F8-C518-42AF-BA5F-CE603FE685AD}.Debug|Any CPU.Build.0 = Debug|Any CPU
		{B410B8F8-C518-42AF-BA5F-CE603FE685AD}.Release|Any CPU.ActiveCfg = Release|Any CPU
		{B410B8F8-C518-42AF-BA5F-CE603FE685AD}.Release|Any CPU.Build.0 = Release|Any CPU
	EndGlobalSection
	GlobalSection(SolutionProperties) = preSolution
		HideSolutionNode = FALSE
	EndGlobalSection
	GlobalSection(ExtensibilityGlobals) = postSolution
		SolutionGuid = {D9B3C3A9-1A9C-484D-A185-1CEEB4F7384D}
	EndGlobalSection
EndGlobal
